
Microsoft Visual Studio Solution File, Format Version 12.00
Project("{FAE04EC0-301F-11D3-BF4B-00C04F79EFBC}") = "T2507E_ASP", "T2507E_ASP\T2507E_ASP.csproj", "{0655505C-E04D-4122-B389-4681FECA1590}"
EndProject
Global
	GlobalSection(SolutionConfigurationPlatforms) = preSolution
		Debug|Any CPU = Debug|Any CPU
		Release|Any CPU = Release|Any CPU
	EndGlobalSection
	GlobalSection(ProjectConfigurationPlatforms) = postSolution
		{0655505C-E04D-4122-B389-4681FECA1590}.Debug|Any CPU.ActiveCfg = Debug|Any CPU
		{0655505C-E04D-4122-B389-4681FECA1590}.Debug|Any CPU.Build.0 = Debug|Any CPU
		{0655505C-E04D-4122-B389-4681FECA1590}.Release|Any CPU.ActiveCfg = Release|Any CPU
		{0655505C-E04D-4122-B389-4681FECA1590}.Release|Any CPU.Build.0 = Release|Any CPU
	EndGlobalSection
EndGlobal
